
Microsoft Visual Studio Solution File, Format Version 12.00
# Visual Studio Version 17
VisualStudioVersion = 17.7.34221.43
MinimumVisualStudioVersion = 10.0.40219.1
Project("{9A19103F-16F7-4668-BE54-9A1E7A4F7556}") = "UniversityAPI", "UniversityAPI.csproj", "{D9428742-D886-4CF3-BA6E-A587A2BD9C7D}"
EndProject
Global
	GlobalSection(SolutionConfigurationPlatforms) = preSolution
		Debug|Any CPU = Debug|Any CPU
		Release|Any CPU = Release|Any CPU
	EndGlobalSection
	GlobalSection(ProjectConfigurationPlatforms) = postSolution
		{D9428742-D886-4CF3-BA6E-A587A2BD9C7D}.Debug|Any CPU.ActiveCfg = Debug|Any CPU
		{D9428742-D886-4CF3-BA6E-A587A2BD9C7D}.Debug|Any CPU.Build.0 = Debug|Any CPU
		{D9428742-D886-4CF3-BA6E-A587A2BD9C7D}.Release|Any CPU.ActiveCfg = Release|Any CPU
		{D9428742-D886-4CF3-BA6E-A587A2BD9C7D}.Release|Any CPU.Build.0 = Release|Any CPU
	EndGlobalSection
	GlobalSection(SolutionProperties) = preSolution
		HideSolutionNode = FALSE
	EndGlobalSection
	GlobalSection(ExtensibilityGlobals) = postSolution
		SolutionGuid = {0B38FAF0-5E34-43B6-AF27-604A2869F85A}
	EndGlobalSection
EndGlobal
